
Microsoft Visual Studio Solution File, Format Version 12.00
# Visual Studio Version 16
VisualStudioVersion = 16.0.33927.289
MinimumVisualStudioVersion = 10.0.40219.1
Project("{FAE04EC0-301F-11D3-BF4B-00C04F79EFBC}") = "BucketList_Domain", "BucketList\BucketList_Domain.csproj", "{296371AD-049D-4655-9FE0-75F4BF7787A9}"
EndProject
Project("{FAE04EC0-301F-11D3-BF4B-00C04F79EFBC}") = "BucketList_Forms", "BucketList_Forms\BucketList_Forms.csproj", "{CC9848A7-4F32-483E-BA41-DF27469B746C}"
EndProject
Global
	GlobalSection(SolutionConfigurationPlatforms) = preSolution
		Debug|Any CPU = Debug|Any CPU
		Release|Any CPU = Release|Any CPU
	EndGlobalSection
	GlobalSection(ProjectConfigurationPlatforms) = postSolution
		{296371AD-049D-4655-9FE0-75F4BF7787A9}.Debug|Any CPU.ActiveCfg = Debug|Any CPU
		{296371AD-049D-4655-9FE0-75F4BF7787A9}.Debug|Any CPU.Build.0 = Debug|Any CPU
		{296371AD-049D-4655-9FE0-75F4BF7787A9}.Release|Any CPU.ActiveCfg = Release|Any CPU
		{296371AD-049D-4655-9FE0-75F4BF7787A9}.Release|Any CPU.Build.0 = Release|Any CPU
		{CC9848A7-4F32-483E-BA41-DF27469B746C}.Debug|Any CPU.ActiveCfg = Debug|Any CPU
		{CC9848A7-4F32-483E-BA41-DF27469B746C}.Debug|Any CPU.Build.0 = Debug|Any CPU
		{CC9848A7-4F32-483E-BA41-DF27469B746C}.Release|Any CPU.ActiveCfg = Release|Any CPU
		{CC9848A7-4F32-483E-BA41-DF27469B746C}.Release|Any CPU.Build.0 = Release|Any CPU
	EndGlobalSection
	GlobalSection(SolutionProperties) = preSolution
		HideSolutionNode = FALSE
	EndGlobalSection
	GlobalSection(ExtensibilityGlobals) = postSolution
		SolutionGuid = {C4C5CAAB-B73E-422B-9C35-42EFD2DFF9F8}
	EndGlobalSection
EndGlobal
